
Microsoft Visual Studio Solution File, Format Version 12.00
# Visual Studio Version 16
VisualStudioVersion = 16.0.31205.134
MinimumVisualStudioVersion = 10.0.40219.1
Project("{9A19103F-16F7-4668-BE54-9A1E7A4F7556}") = "train-tracker", "train-tracker.csproj", "{EDBB78BD-120C-4911-9F65-D65CEFE43714}"
EndProject
Global
	GlobalSection(SolutionConfigurationPlatforms) = preSolution
		Debug|Any CPU = Debug|Any CPU
		Release|Any CPU = Release|Any CPU
	EndGlobalSection
	GlobalSection(ProjectConfigurationPlatforms) = postSolution
		{EDBB78BD-120C-4911-9F65-D65CEFE43714}.Debug|Any CPU.ActiveCfg = Debug|Any CPU
		{EDBB78BD-120C-4911-9F65-D65CEFE43714}.Debug|Any CPU.Build.0 = Debug|Any CPU
		{EDBB78BD-120C-4911-9F65-D65CEFE43714}.Release|Any CPU.ActiveCfg = Release|Any CPU
		{EDBB78BD-120C-4911-9F65-D65CEFE43714}.Release|Any CPU.Build.0 = Release|Any CPU
	EndGlobalSection
	GlobalSection(SolutionProperties) = preSolution
		HideSolutionNode = FALSE
	EndGlobalSection
	GlobalSection(ExtensibilityGlobals) = postSolution
		SolutionGuid = {11CB31A7-7CC3-4860-B802-D512FFB39F2D}
	EndGlobalSection
EndGlobal
